<?xml version="1.0" encoding="utf-8"?>
<Project ToolsVersion="4.0" xmlns="http://schemas.microsoft.com/developer/msbuild/2003">
  <ItemGroup>
    <Filter Include="Source Files">
      <UniqueIdentifier>{40071eeb-980f-435d-9e93-dab737fd5ee2}</UniqueIdentifier>
      <Extensions>cpp;c;cxx;rc;def;r;odl;idl;hpj;bat</Extensions>
    </Filter>
    <Filter Include="Header Files">
      <UniqueIdentifier>{c6c2a07c-066a-47c8-ace7-50f1e8cae510}</UniqueIdentifier>
      <Extensions>h;hpp;hxx;hm;inl</Extensions>
    </Filter>
    <Filter Include="Resource Files">
      <UniqueIdentifier>{a2bced8f-bbb6-4be3-ad05-4e204f05bbe2}</UniqueIdentifier>
      <Extensions>ico;cur;bmp;dlg;rc2;rct;bin;rgs;gif;jpg;jpeg;jpe</Extensions>
    </Filter>
  </ItemGroup>
  <ItemGroup>
    <ClCompile Include="bmp_io.cpp">
      <Filter>Source Files</Filter>
    </ClCompile>
    <ClCompile Include="light_source.cpp">
      <Filter>Source Files</Filter>
    </ClCompile>
    <ClCompile Include="raytracer.cpp">
      <Filter>Source Files</Filter>
    </ClCompile>
    <ClCompile Include="scene_object.cpp">
      <Filter>Source Files</Filter>
    </ClCompile>
    <ClCompile Include="util.cpp">
      <Filter>Source Files</Filter>
    </ClCompile>
    <ClCompile Include="main.cpp">
      <Filter>Source Files</Filter>
    </ClCompile>
  </ItemGroup>
  <ItemGroup>
    <ClInclude Include="bmp_io.h">
      <Filter>Header Files</Filter>
    </ClInclude>
    <ClInclude Include="light_source.h">
      <Filter>Header Files</Filter>
    </ClInclude>
    <ClInclude Include="raytracer.h">
      <Filter>Header Files</Filter>
    </ClInclude>
    <ClInclude Include="scene_object.h">
      <Filter>Header Files</Filter>
    </ClInclude>
    <ClInclude Include="util.h">
      <Filter>Header Files</Filter>
    </ClInclude>
  </ItemGroup>
</Project>